
Microsoft Visual Studio Solution File, Format Version 12.00
# Visual Studio Version 17
VisualStudioVersion = 17.7.34202.233
MinimumVisualStudioVersion = 10.0.40219.1
Project("{9A19103F-16F7-4668-BE54-9A1E7A4F7556}") = "TreeViewDemo", "TreeViewDemo\TreeViewDemo.csproj", "{0FAECE38-9859-4852-8FC3-EDD597C597C4}"
EndProject
Project("{9A19103F-16F7-4668-BE54-9A1E7A4F7556}") = "ListViewDemo", "ListViewDemo\ListViewDemo.csproj", "{DAFDF495-CC26-43B1-A631-8E44B50BBA37}"
EndProject
Project("{9A19103F-16F7-4668-BE54-9A1E7A4F7556}") = "RichTextBoxDemo", "RichTextBoxDemo\RichTextBoxDemo.csproj", "{F9061934-9113-42BF-B65D-DDF653689362}"
EndProject
Project("{9A19103F-16F7-4668-BE54-9A1E7A4F7556}") = "ScrollViewDemo", "ScrollViewDemo\ScrollViewDemo.csproj", "{F062FE25-FE36-4FD0-A257-7430FB2621D9}"
EndProject
Project("{2150E333-8FDC-42A3-9474-1A3956D46DE8}") = "ContainerDemos", "ContainerDemos", "{964CEAB1-703A-451B-AD36-22B74F8E18AD}"
EndProject
Project("{9A19103F-16F7-4668-BE54-9A1E7A4F7556}") = "CanvasDemo", "ContainerDemos\CanvasDemo\CanvasDemo.csproj", "{7884A866-C60D-4BA7-9818-6BDA5208EA68}"
EndProject
Project("{9A19103F-16F7-4668-BE54-9A1E7A4F7556}") = "DockPanelDemo", "ContainerDemos\DockpanelDemo\DockPanelDemo.csproj", "{AB965769-7DEA-49F2-B1EB-08694E54BBBF}"
EndProject
Project("{9A19103F-16F7-4668-BE54-9A1E7A4F7556}") = "GridDemo", "ContainerDemos\GridDemo\GridDemo.csproj", "{9CB88A8C-333C-4238-89E6-37036A231D29}"
EndProject
Project("{9A19103F-16F7-4668-BE54-9A1E7A4F7556}") = "h_StackPanelDemo", "ContainerDemos\h_StackPanelDemo\h_StackPanelDemo.csproj", "{3B1BE663-3766-4DBB-A2FF-55DE50881AAC}"
EndProject
Project("{9A19103F-16F7-4668-BE54-9A1E7A4F7556}") = "v_StackPanelDemo", "ContainerDemos\v_StackPanelDemo\v_StackPanelDemo.csproj", "{3C50AF7E-505B-453C-9734-1FBEA92D7E6F}"
EndProject
Project("{9A19103F-16F7-4668-BE54-9A1E7A4F7556}") = "UniformedGrid", "ContainerDemos\UniformedGrid\UniformedGrid.csproj", "{5C817F72-D9C5-4897-8A48-CC366441370B}"
EndProject
Project("{9A19103F-16F7-4668-BE54-9A1E7A4F7556}") = "WrapPanelDemo", "ContainerDemos\WrapPanelDemo\WrapPanelDemo.csproj", "{640BC432-184D-4F45-9ACB-D113DA95EC41}"
EndProject
Global
	GlobalSection(SolutionConfigurationPlatforms) = preSolution
		Debug|Any CPU = Debug|Any CPU
		Release|Any CPU = Release|Any CPU
	EndGlobalSection
	GlobalSection(ProjectConfigurationPlatforms) = postSolution
		{0FAECE38-9859-4852-8FC3-EDD597C597C4}.Debug|Any CPU.ActiveCfg = Debug|Any CPU
		{0FAECE38-9859-4852-8FC3-EDD597C597C4}.Debug|Any CPU.Build.0 = Debug|Any CPU
		{0FAECE38-9859-4852-8FC3-EDD597C597C4}.Release|Any CPU.ActiveCfg = Release|Any CPU
		{0FAECE38-9859-4852-8FC3-EDD597C597C4}.Release|Any CPU.Build.0 = Release|Any CPU
		{DAFDF495-CC26-43B1-A631-8E44B50BBA37}.Debug|Any CPU.ActiveCfg = Debug|Any CPU
		{DAFDF495-CC26-43B1-A631-8E44B50BBA37}.Debug|Any CPU.Build.0 = Debug|Any CPU
		{DAFDF495-CC26-43B1-A631-8E44B50BBA37}.Release|Any CPU.ActiveCfg = Release|Any CPU
		{DAFDF495-CC26-43B1-A631-8E44B50BBA37}.Release|Any CPU.Build.0 = Release|Any CPU
		{F9061934-9113-42BF-B65D-DDF653689362}.Debug|Any CPU.ActiveCfg = Debug|Any CPU
		{F9061934-9113-42BF-B65D-DDF653689362}.Debug|Any CPU.Build.0 = Debug|Any CPU
		{F9061934-9113-42BF-B65D-DDF653689362}.Release|Any CPU.ActiveCfg = Release|Any CPU
		{F9061934-9113-42BF-B65D-DDF653689362}.Release|Any CPU.Build.0 = Release|Any CPU
		{F062FE25-FE36-4FD0-A257-7430FB2621D9}.Debug|Any CPU.ActiveCfg = Debug|Any CPU
		{F062FE25-FE36-4FD0-A257-7430FB2621D9}.Debug|Any CPU.Build.0 = Debug|Any CPU
		{F062FE25-FE36-4FD0-A257-7430FB2621D9}.Release|Any CPU.ActiveCfg = Release|Any CPU
		{F062FE25-FE36-4FD0-A257-7430FB2621D9}.Release|Any CPU.Build.0 = Release|Any CPU
		{7884A866-C60D-4BA7-9818-6BDA5208EA68}.Debug|Any CPU.ActiveCfg = Debug|Any CPU
		{7884A866-C60D-4BA7-9818-6BDA5208EA68}.Debug|Any CPU.Build.0 = Debug|Any CPU
		{7884A866-C60D-4BA7-9818-6BDA5208EA68}.Release|Any CPU.ActiveCfg = Release|Any CPU
		{7884A866-C60D-4BA7-9818-6BDA5208EA68}.Release|Any CPU.Build.0 = Release|Any CPU
		{AB965769-7DEA-49F2-B1EB-08694E54BBBF}.Debug|Any CPU.ActiveCfg = Debug|Any CPU
		{AB965769-7DEA-49F2-B1EB-08694E54BBBF}.Debug|Any CPU.Build.0 = Debug|Any CPU
		{AB965769-7DEA-49F2-B1EB-08694E54BBBF}.Release|Any CPU.ActiveCfg = Release|Any CPU
		{AB965769-7DEA-49F2-B1EB-08694E54BBBF}.Release|Any CPU.Build.0 = Release|Any CPU
		{9CB88A8C-333C-4238-89E6-37036A231D29}.Debug|Any CPU.ActiveCfg = Debug|Any CPU
		{9CB88A8C-333C-4238-89E6-37036A231D29}.Debug|Any CPU.Build.0 = Debug|Any CPU
		{9CB88A8C-333C-4238-89E6-37036A231D29}.Release|Any CPU.ActiveCfg = Release|Any CPU
		{9CB88A8C-333C-4238-89E6-37036A231D29}.Release|Any CPU.Build.0 = Release|Any CPU
		{3B1BE663-3766-4DBB-A2FF-55DE50881AAC}.Debug|Any CPU.ActiveCfg = Debug|Any CPU
		{3B1BE663-3766-4DBB-A2FF-55DE50881AAC}.Debug|Any CPU.Build.0 = Debug|Any CPU
		{3B1BE663-3766-4DBB-A2FF-55DE50881AAC}.Release|Any CPU.ActiveCfg = Release|Any CPU
		{3B1BE663-3766-4DBB-A2FF-55DE50881AAC}.Release|Any CPU.Build.0 = Release|Any CPU
		{3C50AF7E-505B-453C-9734-1FBEA92D7E6F}.Debug|Any CPU.ActiveCfg = Debug|Any CPU
		{3C50AF7E-505B-453C-9734-1FBEA92D7E6F}.Debug|Any CPU.Build.0 = Debug|Any CPU
		{3C50AF7E-505B-453C-9734-1FBEA92D7E6F}.Release|Any CPU.ActiveCfg = Release|Any CPU
		{3C50AF7E-505B-453C-9734-1FBEA92D7E6F}.Release|Any CPU.Build.0 = Release|Any CPU
		{5C817F72-D9C5-4897-8A48-CC366441370B}.Debug|Any CPU.ActiveCfg = Debug|Any CPU
		{5C817F72-D9C5-4897-8A48-CC366441370B}.Debug|Any CPU.Build.0 = Debug|Any CPU
		{5C817F72-D9C5-4897-8A48-CC366441370B}.Release|Any CPU.ActiveCfg = Release|Any CPU
		{5C817F72-D9C5-4897-8A48-CC366441370B}.Release|Any CPU.Build.0 = Release|Any CPU
		{640BC432-184D-4F45-9ACB-D113DA95EC41}.Debug|Any CPU.ActiveCfg = Debug|Any CPU
		{640BC432-184D-4F45-9ACB-D113DA95EC41}.Debug|Any CPU.Build.0 = Debug|Any CPU
		{640BC432-184D-4F45-9ACB-D113DA95EC41}.Release|Any CPU.ActiveCfg = Release|Any CPU
		{640BC432-184D-4F45-9ACB-D113DA95EC41}.Release|Any CPU.Build.0 = Release|Any CPU
	EndGlobalSection
	GlobalSection(SolutionProperties) = preSolution
		HideSolutionNode = FALSE
	EndGlobalSection
	GlobalSection(NestedProjects) = preSolution
		{7884A866-C60D-4BA7-9818-6BDA5208EA68} = {964CEAB1-703A-451B-AD36-22B74F8E18AD}
		{AB965769-7DEA-49F2-B1EB-08694E54BBBF} = {964CEAB1-703A-451B-AD36-22B74F8E18AD}
		{9CB88A8C-333C-4238-89E6-37036A231D29} = {964CEAB1-703A-451B-AD36-22B74F8E18AD}
		{3B1BE663-3766-4DBB-A2FF-55DE50881AAC} = {964CEAB1-703A-451B-AD36-22B74F8E18AD}
		{3C50AF7E-505B-453C-9734-1FBEA92D7E6F} = {964CEAB1-703A-451B-AD36-22B74F8E18AD}
		{5C817F72-D9C5-4897-8A48-CC366441370B} = {964CEAB1-703A-451B-AD36-22B74F8E18AD}
		{640BC432-184D-4F45-9ACB-D113DA95EC41} = {964CEAB1-703A-451B-AD36-22B74F8E18AD}
	EndGlobalSection
	GlobalSection(ExtensibilityGlobals) = postSolution
		SolutionGuid = {F512D8BF-8E0D-4CA0-9396-613AD2EEE634}
	EndGlobalSection
EndGlobal
